// !$*UTF8*$!
{
	archiveVersion = 1;
	classes = {
	};
	objectVersion = 77;
	objects = {

/* Begin PBXBuildFile section */
		424AE6FF2CE5BA4500E7376F /* Lottie in Frameworks */ = {isa = PBXBuildFile; productRef = 424AE6FE2CE5BA4500E7376F /* Lottie */; };
/* End PBXBuildFile section */

/* Begin PBXContainerItemProxy section */
		3502262B2CCF5C51006F019D /* PBXContainerItemProxy */ = {
			isa = PBXContainerItemProxy;
			containerPortal = 3502260C2CCF5C50006F019D /* Project object */;
			proxyType = 1;
			remoteGlobalIDString = 350226132CCF5C50006F019D;
			remoteInfo = studysphere;
		};
		350226352CCF5C51006F019D /* PBXContainerItemProxy */ = {
			isa = PBXContainerItemProxy;
			containerPortal = 3502260C2CCF5C50006F019D /* Project object */;
			proxyType = 1;
			remoteGlobalIDString = 350226132CCF5C50006F019D;
			remoteInfo = studysphere;
		};
/* End PBXContainerItemProxy section */

/* Begin PBXFileReference section */
		350226142CCF5C50006F019D /* studysphere.app */ = {isa = PBXFileReference; explicitFileType = wrapper.application; includeInIndex = 0; path = studysphere.app; sourceTree = BUILT_PRODUCTS_DIR; };
		3502262A2CCF5C51006F019D /* studysphereTests.xctest */ = {isa = PBXFileReference; explicitFileType = wrapper.cfbundle; includeInIndex = 0; path = studysphereTests.xctest; sourceTree = BUILT_PRODUCTS_DIR; };
		350226342CCF5C51006F019D /* studysphereUITests.xctest */ = {isa = PBXFileReference; explicitFileType = wrapper.cfbundle; includeInIndex = 0; path = studysphereUITests.xctest; sourceTree = BUILT_PRODUCTS_DIR; };
/* End PBXFileReference section */

/* Begin PBXFileSystemSynchronizedBuildFileExceptionSet section */
		3502263C2CCF5C51006F019D /* Exceptions for "studysphere" folder in "studysphere" target */ = {
			isa = PBXFileSystemSynchronizedBuildFileExceptionSet;
			membershipExceptions = (
				Info.plist,
			);
			target = 350226132CCF5C50006F019D /* studysphere */;
		};
/* End PBXFileSystemSynchronizedBuildFileExceptionSet section */

/* Begin PBXFileSystemSynchronizedRootGroup section */
		350226162CCF5C50006F019D /* studysphere */ = {
			isa = PBXFileSystemSynchronizedRootGroup;
			exceptions = (
				3502263C2CCF5C51006F019D /* Exceptions for "studysphere" folder in "studysphere" target */,
			);
			path = studysphere;
			sourceTree = "<group>";
		};
		3502262D2CCF5C51006F019D /* studysphereTests */ = {
			isa = PBXFileSystemSynchronizedRootGroup;
			path = studysphereTests;
			sourceTree = "<group>";
		};
		350226372CCF5C51006F019D /* studysphereUITests */ = {
			isa = PBXFileSystemSynchronizedRootGroup;
			path = studysphereUITests;
			sourceTree = "<group>";
		};
/* End PBXFileSystemSynchronizedRootGroup section */

/* Begin PBXFrameworksBuildPhase section */
		350226112CCF5C50006F019D /* Frameworks */ = {
			isa = PBXFrameworksBuildPhase;
			buildActionMask = 2147483647;
			files = (
				424AE6FF2CE5BA4500E7376F /* Lottie in Frameworks */,
			);
			runOnlyForDeploymentPostprocessing = 0;
		};
		350226272CCF5C51006F019D /* Frameworks */ = {
			isa = PBXFrameworksBuildPhase;
			buildActionMask = 2147483647;
			files = (
			);
			runOnlyForDeploymentPostprocessing = 0;
		};
		350226312CCF5C51006F019D /* Frameworks */ = {
			isa = PBXFrameworksBuildPhase;
			buildActionMask = 2147483647;
			files = (
			);
			runOnlyForDeploymentPostprocessing = 0;
		};
/* End PBXFrameworksBuildPhase section */

/* Begin PBXGroup section */
		3502260B2CCF5C50006F019D = {
			isa = PBXGroup;
			children = (
				350226162CCF5C50006F019D /* studysphere */,
				3502262D2CCF5C51006F019D /* studysphereTests */,
				350226372CCF5C51006F019D /* studysphereUITests */,
				424AE6FD2CE5BA4500E7376F /* Frameworks */,
				350226152CCF5C50006F019D /* Products */,
			);
			sourceTree = "<group>";
		};
		350226152CCF5C50006F019D /* Products */ = {
			isa = PBXGroup;
			children = (
				350226142CCF5C50006F019D /* studysphere.app */,
				3502262A2CCF5C51006F019D /* studysphereTests.xctest */,
				350226342CCF5C51006F019D /* studysphereUITests.xctest */,
			);
			name = Products;
			sourceTree = "<group>";
		};
		424AE6FD2CE5BA4500E7376F /* Frameworks */ = {
			isa = PBXGroup;
			children = (
			);
			name = Frameworks;
			sourceTree = "<group>";
		};
/* End PBXGroup section */

/* Begin PBXNativeTarget section */
		350226132CCF5C50006F019D /* studysphere */ = {
			isa = PBXNativeTarget;
			buildConfigurationList = 3502263D2CCF5C51006F019D /* Build configuration list for PBXNativeTarget "studysphere" */;
			buildPhases = (
				350226102CCF5C50006F019D /* Sources */,
				350226112CCF5C50006F019D /* Frameworks */,
				350226122CCF5C50006F019D /* Resources */,
			);
			buildRules = (
			);
			dependencies = (
			);
			fileSystemSynchronizedGroups = (
				350226162CCF5C50006F019D /* studysphere */,
			);
			name = studysphere;
			packageProductDependencies = (
				424AE6FE2CE5BA4500E7376F /* Lottie */,
			);
			productName = studysphere;
			productReference = 350226142CCF5C50006F019D /* studysphere.app */;
			productType = "com.apple.product-type.application";
		};
		350226292CCF5C51006F019D /* studysphereTests */ = {
			isa = PBXNativeTarget;
			buildConfigurationList = 350226422CCF5C51006F019D /* Build configuration list for PBXNativeTarget "studysphereTests" */;
			buildPhases = (
				350226262CCF5C51006F019D /* Sources */,
				350226272CCF5C51006F019D /* Frameworks */,
				350226282CCF5C51006F019D /* Resources */,
			);
			buildRules = (
			);
			dependencies = (
				3502262C2CCF5C51006F019D /* PBXTargetDependency */,
			);
			fileSystemSynchronizedGroups = (
				3502262D2CCF5C51006F019D /* studysphereTests */,
			);
			name = studysphereTests;
			packageProductDependencies = (
			);
			productName = studysphereTests;
			productReference = 3502262A2CCF5C51006F019D /* studysphereTests.xctest */;
			productType = "com.apple.product-type.bundle.unit-test";
		};
		350226332CCF5C51006F019D /* studysphereUITests */ = {
			isa = PBXNativeTarget;
			buildConfigurationList = 350226452CCF5C51006F019D /* Build configuration list for PBXNativeTarget "studysphereUITests" */;
			buildPhases = (
				350226302CCF5C51006F019D /* Sources */,
				350226312CCF5C51006F019D /* Frameworks */,
				350226322CCF5C51006F019D /* Resources */,
			);
			buildRules = (
			);
			dependencies = (
				350226362CCF5C51006F019D /* PBXTargetDependency */,
			);
			fileSystemSynchronizedGroups = (
				350226372CCF5C51006F019D /* studysphereUITests */,
			);
			name = studysphereUITests;
			packageProductDependencies = (
			);
			productName = studysphereUITests;
			productReference = 350226342CCF5C51006F019D /* studysphereUITests.xctest */;
			productType = "com.apple.product-type.bundle.ui-testing";
		};
/* End PBXNativeTarget section */

/* Begin PBXProject section */
		3502260C2CCF5C50006F019D /* Project object */ = {
			isa = PBXProject;
			attributes = {
				BuildIndependentTargetsInParallel = 1;
				LastSwiftUpdateCheck = 1600;
				LastUpgradeCheck = 1600;
				TargetAttributes = {
					350226132CCF5C50006F019D = {
						CreatedOnToolsVersion = 16.0;
					};
					350226292CCF5C51006F019D = {
						CreatedOnToolsVersion = 16.0;
						TestTargetID = 350226132CCF5C50006F019D;
					};
					350226332CCF5C51006F019D = {
						CreatedOnToolsVersion = 16.0;
						TestTargetID = 350226132CCF5C50006F019D;
					};
				};
			};
			buildConfigurationList = 3502260F2CCF5C50006F019D /* Build configuration list for PBXProject "studysphere" */;
			developmentRegion = en;
			hasScannedForEncodings = 0;
			knownRegions = (
				en,
				Base,
			);
			mainGroup = 3502260B2CCF5C50006F019D;
			minimizedProjectReferenceProxies = 1;
			packageReferences = (
				424AE6FC2CE5BA3300E7376F /* XCRemoteSwiftPackageReference "lottie-ios" */,
			);
			preferredProjectObjectVersion = 77;
			productRefGroup = 350226152CCF5C50006F019D /* Products */;
			projectDirPath = "";
			projectRoot = "";
			targets = (
				350226132CCF5C50006F019D /* studysphere */,
				350226292CCF5C51006F019D /* studysphereTests */,
				350226332CCF5C51006F019D /* studysphereUITests */,
			);
		};
/* End PBXProject section */

/* Begin PBXResourcesBuildPhase section */
		350226122CCF5C50006F019D /* Resources */ = {
			isa = PBXResourcesBuildPhase;
			buildActionMask = 2147483647;
			files = (
			);
			runOnlyForDeploymentPostprocessing = 0;
		};
		350226282CCF5C51006F019D /* Resources */ = {
			isa = PBXResourcesBuildPhase;
			buildActionMask = 2147483647;
			files = (
			);
			runOnlyForDeploymentPostprocessing = 0;
		};
		350226322CCF5C51006F019D /* Resources */ = {
			isa = PBXResourcesBuildPhase;
			buildActionMask = 2147483647;
			files = (
			);
			runOnlyForDeploymentPostprocessing = 0;
		};
/* End PBXResourcesBuildPhase section */

/* Begin PBXSourcesBuildPhase section */
		350226102CCF5C50006F019D /* Sources */ = {
			isa = PBXSourcesBuildPhase;
			buildActionMask = 2147483647;
			files = (
			);
			runOnlyForDeploymentPostprocessing = 0;
		};
		350226262CCF5C51006F019D /* Sources */ = {
			isa = PBXSourcesBuildPhase;
			buildActionMask = 2147483647;
			files = (
			);
			runOnlyForDeploymentPostprocessing = 0;
		};
		350226302CCF5C51006F019D /* Sources */ = {
			isa = PBXSourcesBuildPhase;
			buildActionMask = 2147483647;
			files = (
			);
			runOnlyForDeploymentPostprocessing = 0;
		};
/* End PBXSourcesBuildPhase section */

/* Begin PBXTargetDependency section */
		3502262C2CCF5C51006F019D /* PBXTargetDependency */ = {
			isa = PBXTargetDependency;
			target = 350226132CCF5C50006F019D /* studysphere */;
			targetProxy = 3502262B2CCF5C51006F019D /* PBXContainerItemProxy */;
		};
		350226362CCF5C51006F019D /* PBXTargetDependency */ = {
			isa = PBXTargetDependency;
			target = 350226132CCF5C50006F019D /* studysphere */;
			targetProxy = 350226352CCF5C51006F019D /* PBXContainerItemProxy */;
		};
/* End PBXTargetDependency section */

/* Begin XCBuildConfiguration section */
		3502263E2CCF5C51006F019D /* Debug */ = {
			isa = XCBuildConfiguration;
			buildSettings = {
				ASSETCATALOG_COMPILER_APPICON_NAME = AppIcon;
				ASSETCATALOG_COMPILER_GLOBAL_ACCENT_COLOR_NAME = AccentColor;
				CODE_SIGN_STYLE = Automatic;
				CURRENT_PROJECT_VERSION = 1;
				GENERATE_INFOPLIST_FILE = YES;
				INFOPLIST_FILE = studysphere/Info.plist;
				INFOPLIST_KEY_UIApplicationSupportsIndirectInputEvents = YES;
				INFOPLIST_KEY_UILaunchStoryboardName = LaunchScreen;
				INFOPLIST_KEY_UIMainStoryboardFile = Main;
				INFOPLIST_KEY_UISupportedInterfaceOrientations_iPad = "UIInterfaceOrientationPortrait UIInterfaceOrientationPortraitUpsideDown UIInterfaceOrientationLandscapeLeft UIInterfaceOrientationLandscapeRight";
				INFOPLIST_KEY_UISupportedInterfaceOrientations_iPhone = "UIInterfaceOrientationPortrait UIInterfaceOrientationLandscapeLeft UIInterfaceOrientationLandscapeRight";
				LD_RUNPATH_SEARCH_PATHS = (
					"$(inherited)",
					"@executable_path/Frameworks",
				);
				MARKETING_VERSION = 1.0;
				PRODUCT_BUNDLE_IDENTIFIER = manvitha.studysphere;
				PRODUCT_NAME = "$(TARGET_NAME)";
				SWIFT_EMIT_LOC_STRINGS = YES;
				SWIFT_VERSION = 5.0;
				TARGETED_DEVICE_FAMILY = "1,2";
			};
			name = Debug;
		};
		3502263F2CCF5C51006F019D /* Release */ = {
			isa = XCBuildConfiguration;
			buildSettings = {
				ASSETCATALOG_COMPILER_APPICON_NAME = AppIcon;
				ASSETCATALOG_COMPILER_GLOBAL_ACCENT_COLOR_NAME = AccentColor;
				CODE_SIGN_STYLE = Automatic;
				CURRENT_PROJECT_VERSION = 1;
				GENERATE_INFOPLIST_FILE = YES;
				INFOPLIST_FILE = studysphere/Info.plist;
				INFOPLIST_KEY_UIApplicationSupportsIndirectInputEvents = YES;
				INFOPLIST_KEY_UILaunchStoryboardName = LaunchScreen;
				INFOPLIST_KEY_UIMainStoryboardFile = Main;
				INFOPLIST_KEY_UISupportedInterfaceOrientations_iPad = "UIInterfaceOrientationPortrait UIInterfaceOrientationPortraitUpsideDown UIInterfaceOrientationLandscapeLeft UIInterfaceOrientationLandscapeRight";
				INFOPLIST_KEY_UISupportedInterfaceOrientations_iPhone = "UIInterfaceOrientationPortrait UIInterfaceOrientationLandscapeLeft UIInterfaceOrientationLandscapeRight";
				LD_RUNPATH_SEARCH_PATHS = (
					"$(inherited)",
					"@executable_path/Frameworks",
				);
				MARKETING_VERSION = 1.0;
				PRODUCT_BUNDLE_IDENTIFIER = manvitha.studysphere;
				PRODUCT_NAME = "$(TARGET_NAME)";
				SWIFT_EMIT_LOC_STRINGS = YES;
				SWIFT_VERSION = 5.0;
				TARGETED_DEVICE_FAMILY = "1,2";
			};
			name = Release;
		};
		350226402CCF5C51006F019D /* Debug */ = {
			isa = XCBuildConfiguration;
			buildSettings = {
				ALWAYS_SEARCH_USER_PATHS = NO;
				ASSETCATALOG_COMPILER_GENERATE_SWIFT_ASSET_SYMBOL_EXTENSIONS = YES;
				CLANG_ANALYZER_NONNULL = YES;
				CLANG_ANALYZER_NUMBER_OBJECT_CONVERSION = YES_AGGRESSIVE;
				CLANG_CXX_LANGUAGE_STANDARD = "gnu++20";
				CLANG_ENABLE_MODULES = YES;
				CLANG_ENABLE_OBJC_ARC = YES;
				CLANG_ENABLE_OBJC_WEAK = YES;
				CLANG_WARN_BLOCK_CAPTURE_AUTORELEASING = YES;
				CLANG_WARN_BOOL_CONVERSION = YES;
				CLANG_WARN_COMMA = YES;
				CLANG_WARN_CONSTANT_CONVERSION = YES;
				CLANG_WARN_DEPRECATED_OBJC_IMPLEMENTATIONS = YES;
				CLANG_WARN_DIRECT_OBJC_ISA_USAGE = YES_ERROR;
				CLANG_WARN_DOCUMENTATION_COMMENTS = YES;
				CLANG_WARN_EMPTY_BODY = YES;
				CLANG_WARN_ENUM_CONVERSION = YES;
				CLANG_WARN_INFINITE_RECURSION = YES;
				CLANG_WARN_INT_CONVERSION = YES;
				CLANG_WARN_NON_LITERAL_NULL_CONVERSION = YES;
				CLANG_WARN_OBJC_IMPLICIT_RETAIN_SELF = YES;
				CLANG_WARN_OBJC_LITERAL_CONVERSION = YES;
				CLANG_WARN_OBJC_ROOT_CLASS = YES_ERROR;
				CLANG_WARN_QUOTED_INCLUDE_IN_FRAMEWORK_HEADER = YES;
				CLANG_WARN_RANGE_LOOP_ANALYSIS = YES;
				CLANG_WARN_STRICT_PROTOTYPES = YES;
				CLANG_WARN_SUSPICIOUS_MOVE = YES;
				CLANG_WARN_UNGUARDED_AVAILABILITY = YES_AGGRESSIVE;
				CLANG_WARN_UNREACHABLE_CODE = YES;
				CLANG_WARN__DUPLICATE_METHOD_MATCH = YES;
				COPY_PHASE_STRIP = NO;
				DEBUG_INFORMATION_FORMAT = dwarf;
				ENABLE_STRICT_OBJC_MSGSEND = YES;
				ENABLE_TESTABILITY = YES;
				ENABLE_USER_SCRIPT_SANDBOXING = YES;
				GCC_C_LANGUAGE_STANDARD = gnu17;
				GCC_DYNAMIC_NO_PIC = NO;
				GCC_NO_COMMON_BLOCKS = YES;
				GCC_OPTIMIZATION_LEVEL = 0;
				GCC_PREPROCESSOR_DEFINITIONS = (
					"DEBUG=1",
					"$(inherited)",
				);
				GCC_WARN_64_TO_32_BIT_CONVERSION = YES;
				GCC_WARN_ABOUT_RETURN_TYPE = YES_ERROR;
				GCC_WARN_UNDECLARED_SELECTOR = YES;
				GCC_WARN_UNINITIALIZED_AUTOS = YES_AGGRESSIVE;
				GCC_WARN_UNUSED_FUNCTION = YES;
				GCC_WARN_UNUSED_VARIABLE = YES;
				IPHONEOS_DEPLOYMENT_TARGET = 18.0;
				LOCALIZATION_PREFERS_STRING_CATALOGS = YES;
				MTL_ENABLE_DEBUG_INFO = INCLUDE_SOURCE;
				MTL_FAST_MATH = YES;
				ONLY_ACTIVE_ARCH = YES;
				SDKROOT = iphoneos;
				SWIFT_ACTIVE_COMPILATION_CONDITIONS = "DEBUG $(inherited)";
				SWIFT_OPTIMIZATION_LEVEL = "-Onone";
			};
			name = Debug;
		};
		350226412CCF5C51006F019D /* Release */ = {
			isa = XCBuildConfiguration;
			buildSettings = {
				ALWAYS_SEARCH_USER_PATHS = NO;
				ASSETCATALOG_COMPILER_GENERATE_SWIFT_ASSET_SYMBOL_EXTENSIONS = YES;
				CLANG_ANALYZER_NONNULL = YES;
				CLANG_ANALYZER_NUMBER_OBJECT_CONVERSION = YES_AGGRESSIVE;
				CLANG_CXX_LANGUAGE_STANDARD = "gnu++20";
				CLANG_ENABLE_MODULES = YES;
				CLANG_ENABLE_OBJC_ARC = YES;
				CLANG_ENABLE_OBJC_WEAK = YES;
				CLANG_WARN_BLOCK_CAPTURE_AUTORELEASING = YES;
				CLANG_WARN_BOOL_CONVERSION = YES;
				CLANG_WARN_COMMA = YES;
				CLANG_WARN_CONSTANT_CONVERSION = YES;
				CLANG_WARN_DEPRECATED_OBJC_IMPLEMENTATIONS = YES;
				CLANG_WARN_DIRECT_OBJC_ISA_USAGE = YES_ERROR;
				CLANG_WARN_DOCUMENTATION_COMMENTS = YES;
				CLANG_WARN_EMPTY_BODY = YES;
				CLANG_WARN_ENUM_CONVERSION = YES;
				CLANG_WARN_INFINITE_RECURSION = YES;
				CLANG_WARN_INT_CONVERSION = YES;
				CLANG_WARN_NON_LITERAL_NULL_CONVERSION = YES;
				CLANG_WARN_OBJC_IMPLICIT_RETAIN_SELF = YES;
				CLANG_WARN_OBJC_LITERAL_CONVERSION = YES;
				CLANG_WARN_OBJC_ROOT_CLASS = YES_ERROR;
				CLANG_WARN_QUOTED_INCLUDE_IN_FRAMEWORK_HEADER = YES;
				CLANG_WARN_RANGE_LOOP_ANALYSIS = YES;
				CLANG_WARN_STRICT_PROTOTYPES = YES;
				CLANG_WARN_SUSPICIOUS_MOVE = YES;
				CLANG_WARN_UNGUARDED_AVAILABILITY = YES_AGGRESSIVE;
				CLANG_WARN_UNREACHABLE_CODE = YES;
				CLANG_WARN__DUPLICATE_METHOD_MATCH = YES;
				COPY_PHASE_STRIP = NO;
				DEBUG_INFORMATION_FORMAT = "dwarf-with-dsym";
				ENABLE_NS_ASSERTIONS = NO;
				ENABLE_STRICT_OBJC_MSGSEND = YES;
				ENABLE_USER_SCRIPT_SANDBOXING = YES;
				GCC_C_LANGUAGE_STANDARD = gnu17;
				GCC_NO_COMMON_BLOCKS = YES;
				GCC_WARN_64_TO_32_BIT_CONVERSION = YES;
				GCC_WARN_ABOUT_RETURN_TYPE = YES_ERROR;
				GCC_WARN_UNDECLARED_SELECTOR = YES;
				GCC_WARN_UNINITIALIZED_AUTOS = YES_AGGRESSIVE;
				GCC_WARN_UNUSED_FUNCTION = YES;
				GCC_WARN_UNUSED_VARIABLE = YES;
				IPHONEOS_DEPLOYMENT_TARGET = 18.0;
				LOCALIZATION_PREFERS_STRING_CATALOGS = YES;
				MTL_ENABLE_DEBUG_INFO = NO;
				MTL_FAST_MATH = YES;
				SDKROOT = iphoneos;
				SWIFT_COMPILATION_MODE = wholemodule;
				VALIDATE_PRODUCT = YES;
			};
			name = Release;
		};
		350226432CCF5C51006F019D /* Debug */ = {
			isa = XCBuildConfiguration;
			buildSettings = {
				BUNDLE_LOADER = "$(TEST_HOST)";
				CODE_SIGN_STYLE = Automatic;
				CURRENT_PROJECT_VERSION = 1;
				GENERATE_INFOPLIST_FILE = YES;
				IPHONEOS_DEPLOYMENT_TARGET = 18.0;
				MARKETING_VERSION = 1.0;
				PRODUCT_BUNDLE_IDENTIFIER = manvitha.studysphereTests;
				PRODUCT_NAME = "$(TARGET_NAME)";
				SWIFT_EMIT_LOC_STRINGS = NO;
				SWIFT_VERSION = 5.0;
				TARGETED_DEVICE_FAMILY = "1,2";
				TEST_HOST = "$(BUILT_PRODUCTS_DIR)/studysphere.app/$(BUNDLE_EXECUTABLE_FOLDER_PATH)/studysphere";
			};
			name = Debug;
		};
		350226442CCF5C51006F019D /* Release */ = {
			isa = XCBuildConfiguration;
			buildSettings = {
				BUNDLE_LOADER = "$(TEST_HOST)";
				CODE_SIGN_STYLE = Automatic;
				CURRENT_PROJECT_VERSION = 1;
				GENERATE_INFOPLIST_FILE = YES;
				IPHONEOS_DEPLOYMENT_TARGET = 18.0;
				MARKETING_VERSION = 1.0;
				PRODUCT_BUNDLE_IDENTIFIER = manvitha.studysphereTests;
				PRODUCT_NAME = "$(TARGET_NAME)";
				SWIFT_EMIT_LOC_STRINGS = NO;
				SWIFT_VERSION = 5.0;
				TARGETED_DEVICE_FAMILY = "1,2";
				TEST_HOST = "$(BUILT_PRODUCTS_DIR)/studysphere.app/$(BUNDLE_EXECUTABLE_FOLDER_PATH)/studysphere";
			};
			name = Release;
		};
		350226462CCF5C51006F019D /* Debug */ = {
			isa = XCBuildConfiguration;
			buildSettings = {
				CODE_SIGN_STYLE = Automatic;
				CURRENT_PROJECT_VERSION = 1;
				GENERATE_INFOPLIST_FILE = YES;
				MARKETING_VERSION = 1.0;
				PRODUCT_BUNDLE_IDENTIFIER = manvitha.studysphereUITests;
				PRODUCT_NAME = "$(TARGET_NAME)";
				SWIFT_EMIT_LOC_STRINGS = NO;
				SWIFT_VERSION = 5.0;
				TARGETED_DEVICE_FAMILY = "1,2";
				TEST_TARGET_NAME = studysphere;
			};
			name = Debug;
		};
		350226472CCF5C51006F019D /* Release */ = {
			isa = XCBuildConfiguration;
			buildSettings = {
				CODE_SIGN_STYLE = Automatic;
				CURRENT_PROJECT_VERSION = 1;
				GENERATE_INFOPLIST_FILE = YES;
				MARKETING_VERSION = 1.0;
				PRODUCT_BUNDLE_IDENTIFIER = manvitha.studysphereUITests;
				PRODUCT_NAME = "$(TARGET_NAME)";
				SWIFT_EMIT_LOC_STRINGS = NO;
				SWIFT_VERSION = 5.0;
				TARGETED_DEVICE_FAMILY = "1,2";
				TEST_TARGET_NAME = studysphere;
			};
			name = Release;
		};
/* End XCBuildConfiguration section */

/* Begin XCConfigurationList section */
		3502260F2CCF5C50006F019D /* Build configuration list for PBXProject "studysphere" */ = {
			isa = XCConfigurationList;
			buildConfigurations = (
				350226402CCF5C51006F019D /* Debug */,
				350226412CCF5C51006F019D /* Release */,
			);
			defaultConfigurationIsVisible = 0;
			defaultConfigurationName = Release;
		};
		3502263D2CCF5C51006F019D /* Build configuration list for PBXNativeTarget "studysphere" */ = {
			isa = XCConfigurationList;
			buildConfigurations = (
				3502263E2CCF5C51006F019D /* Debug */,
				3502263F2CCF5C51006F019D /* Release */,
			);
			defaultConfigurationIsVisible = 0;
			defaultConfigurationName = Release;
		};
		350226422CCF5C51006F019D /* Build configuration list for PBXNativeTarget "studysphereTests" */ = {
			isa = XCConfigurationList;
			buildConfigurations = (
				350226432CCF5C51006F019D /* Debug */,
				350226442CCF5C51006F019D /* Release */,
			);
			defaultConfigurationIsVisible = 0;
			defaultConfigurationName = Release;
		};
		350226452CCF5C51006F019D /* Build configuration list for PBXNativeTarget "studysphereUITests" */ = {
			isa = XCConfigurationList;
			buildConfigurations = (
				350226462CCF5C51006F019D /* Debug */,
				350226472CCF5C51006F019D /* Release */,
			);
			defaultConfigurationIsVisible = 0;
			defaultConfigurationName = Release;
		};
/* End XCConfigurationList section */

/* Begin XCRemoteSwiftPackageReference section */
		424AE6FC2CE5BA3300E7376F /* XCRemoteSwiftPackageReference "lottie-ios" */ = {
			isa = XCRemoteSwiftPackageReference;
			repositoryURL = "https://github.com/airbnb/lottie-ios.git";
			requirement = {
				kind = upToNextMajorVersion;
				minimumVersion = 4.5.0;
			};
		};
/* End XCRemoteSwiftPackageReference section */

/* Begin XCSwiftPackageProductDependency section */
		424AE6FE2CE5BA4500E7376F /* Lottie */ = {
			isa = XCSwiftPackageProductDependency;
			package = 424AE6FC2CE5BA3300E7376F /* XCRemoteSwiftPackageReference "lottie-ios" */;
			productName = Lottie;
		};
/* End XCSwiftPackageProductDependency section */
	};
	rootObject = 3502260C2CCF5C50006F019D /* Project object */;
}
